
Microsoft Visual Studio Solution File, Format Version 12.00
# Visual Studio Version 17
VisualStudioVersion = 17.3.32929.385
MinimumVisualStudioVersion = 10.0.40219.1
Project("{8BC9CEB8-8B4A-11D0-8D11-00A0C91BC942}") = "PSGDecompress", "PSGDecompress.vcxproj", "{79F40AE7-F237-41B3-A67A-B625AD36309C}"
EndProject
Global
	GlobalSection(SolutionConfigurationPlatforms) = preSolution
		Debug|x64 = Debug|x64
		Debug|x86 = Debug|x86
		Release|x64 = Release|x64
		Release|x86 = Release|x86
	EndGlobalSection
	GlobalSection(ProjectConfigurationPlatforms) = postSolution
		{79F40AE7-F237-41B3-A67A-B625AD36309C}.Debug|x64.ActiveCfg = Debug|x64
		{79F40AE7-F237-41B3-A67A-B625AD36309C}.Debug|x64.Build.0 = Debug|x64
		{79F40AE7-F237-41B3-A67A-B625AD36309C}.Debug|x86.ActiveCfg = Debug|Win32
		{79F40AE7-F237-41B3-A67A-B625AD36309C}.Debug|x86.Build.0 = Debug|Win32
		{79F40AE7-F237-41B3-A67A-B625AD36309C}.Release|x64.ActiveCfg = Release|x64
		{79F40AE7-F237-41B3-A67A-B625AD36309C}.Release|x64.Build.0 = Release|x64
		{79F40AE7-F237-41B3-A67A-B625AD36309C}.Release|x86.ActiveCfg = Release|Win32
		{79F40AE7-F237-41B3-A67A-B625AD36309C}.Release|x86.Build.0 = Release|Win32
	EndGlobalSection
	GlobalSection(SolutionProperties) = preSolution
		HideSolutionNode = FALSE
	EndGlobalSection
	GlobalSection(ExtensibilityGlobals) = postSolution
		SolutionGuid = {79533E39-A3F9-494A-88A8-C39EDA1D6AD7}
	EndGlobalSection
EndGlobal
